Microsoft Visual Studio Solution File, Format Version 12.00
# Visual Studio Version 17
VisualStudioVersion = 17.5.2.0
MinimumVisualStudioVersion = 10.0.40219.1
Project("{FAE04EC0-301F-11D3-BF4B-00C04F79EFBC}") = "aula_completa_sistema_pagamento", "aula_completa_sistema_pagamento.csproj", "{289FAE7B-D9A4-FB6A-C02B-E9922B4D92EE}"
EndProject
Global
	GlobalSection(SolutionConfigurationPlatforms) = preSolution
		Debug|Any CPU = Debug|Any CPU
		Release|Any CPU = Release|Any CPU
	EndGlobalSection
	GlobalSection(ProjectConfigurationPlatforms) = postSolution
		{289FAE7B-D9A4-FB6A-C02B-E9922B4D92EE}.Debug|Any CPU.ActiveCfg = Debug|Any CPU
		{289FAE7B-D9A4-FB6A-C02B-E9922B4D92EE}.Debug|Any CPU.Build.0 = Debug|Any CPU
		{289FAE7B-D9A4-FB6A-C02B-E9922B4D92EE}.Release|Any CPU.ActiveCfg = Release|Any CPU
		{289FAE7B-D9A4-FB6A-C02B-E9922B4D92EE}.Release|Any CPU.Build.0 = Release|Any CPU
	EndGlobalSection
	GlobalSection(SolutionProperties) = preSolution
		HideSolutionNode = FALSE
	EndGlobalSection
	GlobalSection(ExtensibilityGlobals) = postSolution
		SolutionGuid = {F71ADC39-FBE9-4988-B7B0-C2DA86B4C81B}
	EndGlobalSection
EndGlobal
